Lr! D�CDD�R3�91!4�!!H,@�D@�-���yhrG���i�+����}4��슉��Z޲�oy�m��?�����k�&��� r��i�+������i�+��������3i�_��<}�^q���~<���g�뇷ٮ|o~�u�^�קr'�i�+�}8i�+�}8��슉��J޲�oy�m��?�����k�&��� r��i�+���i�+�����3㗷�����kw�嶞{w��~�{f�����^�i�+��t��슉��Z޲�oy�m��?�����k�&��� r��i�+���i�+��{��3Oy�ov����������ѧ����k��w�|j;��찢�l�]/z�"�}�ַ��[�vm�����"���ɪ�H�oڎ��{,(��?������
+v϶�[`ϭ{���s��Ӟ����~_���_^�~[�N�٨��]��vݨ��}/z�"�~yڷ��[�vm�����"���ɪ�H�oڎ�������v��ݾ^yƷ}���w�ww��m�ߍZw��ӗ\��]z��u�܉����}�-�מ�窹�u�Gڲߣ����֛�זּ���'��M#�����^�����ޮǴ�F��/��Ʃz������*'�]+z�%��a��l��ނ+-�,��zd��&����q�^���j{"��j���}t���}�����m;w�_w�<��v����߿k}�Ⱦ���m4��슉��Z޲�oy�m��?�����k�&��� r��j{"���{�����ށ�~�]m�77o}�o��߭�{��N:�y��w�xu���/�z��M/z�"�}�ҷ��[�vm�����"���ɪ�H�oڞȾ�����j{"���{��K`��t�^��m������sM���u������}���-�W��moz�"�}�ַ��[�vm�����"���ɪ�H�oڞȾ�ܥz������-�W��m����}�w}�������^㮸߯6�Nw��]u���Ⱦ�ܥz������*'�mkz�%��a��l��ނ+-�,��zd��&����-�W���ڞȾ�ܥzϷ�[`ύ_m��ۍ��F�ٷ�N�םm�;�m{�5uשzw^�Ȟ��%����{ޮ�}Ѫivh4�kޮȨ�Nv��(�����i���z����j��(����٠��ڦ�f��9��3���o}o�<N4��k��o��mǼo��u�|u�^�קr'�j̧s^6n��z���Z�]�������>��+{My{�kN4~ϭzju�G�����5׈�j��,�ӝ"���;(��ږ'v�}f�x���u�zZ�Ǿr�h�]4��^j߬����^xj�)j��N�z�"�}t�J޲�oy�m��?�����k�&��� r��j�)j���ڮ
Z�Ǿ�Mt��q޻�W�姴���{^��}��w��xѽ��]]z��u�܉�,�������]6j�����}������-�)��]/z�"�}5ҷ��[�vm�����"���ɪ�H�oڮ�����}��~�&��k�x?������n��z����������K`�v��~uε��|����]��Z��|�^�w�����k/��w~�w^�]5��슉��j޲�oy�m��?�����k�&��� r��j�����ߢ�ױ��ڮ�����w�u�~�M��7_�]k]���z��k���m�ѯzkW��_;kV�����x��]5��슉��j޲�oy�m��?�����k�&��� r��j���맊���������x���t��3����]���ֶ�ך߾[{���G���y��u�^�קr'�j���맊�tժ�k/��*��[ޮȨ�]7��(�����i���z����j��(�������x���ڮ������t��3i��s��kn\s����9��x����_u��}��j��-t����*'�Mkz�%��a��l��ނ+-�,��zd��&���������'��]5����t�ֶ�n����8�o8�8��y�V�oGZ�}t�{ޮȨ�M���(�����i���z����j��(����_���'��6��3u�<����w=�������_4��m�\��_ݿ:j��ߩ��5�F������n�]4��슉��J޲�oy�m��?�����k�&��� r��j��ߩ��?��������n��t��3]�������oF�q�}׎��g�{ޜ��w��j̧s^6��슉��j޲�oy�m��?�����k�&��� r��j̧s��j̧s�y��3yΚ�V��<������W=�|{m<�g�뽚j̧rH�Ӎ/z�"�}8ҷ��[�vm�����"���ɪ�H�oڳ)ܒ+����w$�ߴ�K`���y�{�����f�շ=��q����o����,�Ƞ�m;����*'ӽ+z�%��a��l��ނ+-�,��zd��&��,�Ƞ�o���,�Ƞ�o��K`;:{�t�~��ugv������_ս�{���,�^���슉��J޲�oy�m��?�����k�&��� r��k8�����>׽-�7xwG�o�[}ƻ�����ѯ�y�G��׶���m�~r�^��ڙ��KޮȨ���ҷ��[�vm�����"���ɪ�H�o�i����{��jg����m�~r�^��ڙ�ۭ-�>�}�7�\���o�ߟx���}�������;�^���zw"z�!jY5�w��إ�m6�ϭ�G��}6m�Z�ǝ�f�rt����*'�M+z�%��a��l��ނ+-�,��zd��&���jww隵���ڕ��yߦj�!�]4������Zof�{�]{^�y�6o�\{��w�[��jǷ��r�^�]/z�"�}5ַ��[�vm�����"���ɪ�H�o�jǷ��r�^���jǷ��r�^�Mu���]馸����[���on�ݮ9���9y�r����[����KޮȨ�]6��(�����i���z����j��(��ܯ*m���u����+ʛ~���t��3k���������w�o��w�V��������^u�^�קr'����v��Mxݺe��~r������{ޮȨ�M;��(�����i���z����j��(���+-���j�+��ۦX���+y�h��4��3߷_ם��ݼۆ���6�{oMw�u�~�i�9u�^�קr'����jo���ޮͶѺ�q�Ɩ��*'�^�z�"�}u�Z޲�oy�m��?�����k�&��� r��n��{籥�슉����iǾ{Z�Ȩ��u�[`�w;}���o]������vo޺}�v�W��]uשzw^�Ȟ���jww隵�u�G(�ƭ�f��M[��,z����.�]���슉��Z޲�oy�m��?�����k�&��� r��n�0�����h�������ǫ��]��~�}m�6�k�}y�xq�{ߎv�o[i��ۮ:�ε}���F�}����e�Ϯ�Ɵ{]t��슉��J޲�oy�m��?�����k�&��� r��n��z���Z���i�����}����e�Ϯ�Ɵ{�u��3m��sn�{o{��u��ݷ��W[k�vߏ\���n��z���Z�]/z�"�}vҷ��[�vm�����"���ɪ�H�o۹�ޯ楖�?���}����e�ϵ�K`��tu�twݷk��{O�G�}�uk����q�qשzw^�Ȟ���}��jYhs맱���]��ޯ��]tѻ�}��~)e�M/z�"�}tҷ��[�vm�����"���ɪ�H�o۹�ޯ��_����}��~)e�]4�����o����<��������z߷�����]�og��ޯ��m5����*'�]�z�%��a��l��ނ+-�,��zd��&���}��~�&��۹�ޯ��o��k`�^_�[q���m8����^6s^7�w��ۭѻ�}��~�&�M/z�"�}uҷ��[�vm�����"���ɪ�H�o۹�ޯ��o����}��~�&�]t����kv������u�㍜}Ǽ�N���ZwN�)m���ۥz�t����*'�]kz�%��a��l��ނ+-�,��zd��&����ا�j�W���ۺ)m���ۥzϵ�[`�n�N�s����6���;u�xs��ݭ���v}ƥ�����a�]/z�"�}5ҷ��[�vm�����"���ɪ�H�o�jY^��Z���ƥ�����a�Mt���O9y����^q��i�v������6���W�z��u�܉�jYl�׬�mjYl�׬�m/z�"�}6ҷ��[�vm�����"���ɪ�H�o�jYl�׬���jYl�׬�M���}���n��]���s_Z���n\�������Ɯjg�q��G��m4��슉��J޲�oy�m��?�����k�&��� r��q���Ƭ{�����ƦzW��{+>�]-�=��i��o5��9�����w�mws�[��v{�^���zw"z���\jǶ�I����]4q���Ƭ{m4��슉��Z޲�oy�m��?�����k�&��� r��q���Ƭ{��q���Ƭ{����3��]קz�ֵm���ƴ�Ɯy���]^�M_�_q���,�]���슉��m+z�%��a��l��ނ+-�,��zd��&�ƬzW����q���,�Mv��3վ��͵}�8�}��n��}=ӯ=�m����W\r��]w��슉��z޲�oy�m��?�����k�&��� r��r����r���u��3k�u��y{���g���yѦ�����m���=}�|u�^�קr'�j{"��r��6�W�q�^��k�x>��Ɲt�����m4���槲-��˩�����(����G!jY6�G!jY6�KޮȨ�n5��(�����i���z����j��(��!jY?��!jY>ۍm�=|s�Zo^��~����ם�s��ߎ��6ז���^���zw"zƧ�/��)^�}�z��זּ����ށ�i�Nl��h��>r�h���r�u�t�KޮȨ�N6��(�����i���z����j��(��!j�^���r�u�~Ӎ��6����w\��8ۇ�w�s���xwƶ��g"�˥j������[ޮȨ�M���(�����i���z����j��(��"�˥j�������"�˥j������}�?5��}y�8�4���wg��um��۽uߝ��%��.��+�]/z�"�}�ҷ��[�vm�����"���ɪ�H�oܖ/���(���rX�r�좿��K`ͽ�u�7�;���sw��;w�]���m�}��שzw^�Ȟ�������˫����G%��"v�v�KޮȨ�m���(�����i���z����j��(��%��"v���%��"v�~�m-�7��ם{ƽk������^;oG5��m��m�z��(�/z�"�~:ҷ��[�vm�����"���ɪ�H�oܣ��r���K`ϧ��_��9ݧ�����;m��m���M�}�|��{�h�{~j�t����*'�]+z�%��a��l��ނ+-�,��zd��&��{�h�{~j����{�h�{~jߵ�K`�Gt�F�wN7k��k}���Z�G�y��wָq����%����{ޮ�}����*'�ݫz�%��a��l��ނ+-�,��zd��&��%����{ޮ����%����{ޮߵ�k`Ϗ|�V�}�����ٯzm����Ѧ�����}x�שzw^�Ȟ��%���jg��W(���r��z�t�KޮȨ�Nw��(�����i���z����j��(��(���r��z���(���r��z�~ӝ�6�o�:�Ǻ�G�u��ѽ4ӷ��տ_�o6m�(�������]oz�"�}uַ��[�vm�����"���ɪ�H�oܢZ+�v�{��r�h��ڙ��[`φ��^wӇ�M6��׮7��w͞kN|�~���&n)�w�-���N��f��~���jmt����*'�N�z�%��a��l��ނ+-�,��zd��&��&n)�w�-����ܢf��~���jo�ӫ`Ͻ�{�_��4է9�]��v�{�9k������o5�שzw^�Ȟ�ץk'���ky���G(�f�u��םoz�"�}��Z޲�oy�m��?�����k�&��� r��r��jw^���r��jw^����[`�����:��sf�s��ߎ�پ4�\q����}�'q�~��t�[ޮȨ�M5��(�����i���z����j��(��(�ƭ�f���ܢw�隧�4��3wƽ�{��z�������}7��kGy�N]��r��j߬����^���슉��j޲�oy�m��?�����k�&��� r��r��j߬������r��j߬�����z��3�Nu�}��w�m�s��s��s����G�խ�u�^�קr'�n��z������H����ʹ޷�u��{�-���m�ʗ�j���M:r��j)�����Mt��슉��J޲�oy�m��?�����k�&��� r��r��j)�������r��j)������5��3}�_8}���F�m���V�w�:ծ\m�8�mr����b���M�����إ�+5�KޮȨ�]6��(�����i���z����j��(��(�﮶)~�����+{뭊_���t��3o��獶Ѧ�m�Zo��i���G=�N��7sV�r���W��KޮȨ�}���(�����i���z����j��(��)���{��r���W��m-�>��~��nx�nѧy�i�Ӿ��n�{����^���zw"z�+iǟ�_���v�Gb��9�w���~z���-i�,�Mhn7��欲('�Mi����Jb�H����+�M+y�ZnW����jm����Ϭ��'��2�͵����*'�nkz�%��a��l��ނ+-�,��zd��&���Ϭ��'��2������Ϭ��'��2�϶ۛ`��9}����kw^w�u�GZq����=Ӧ���qשzw^�Ȟ�Z��Ɯ��4�brv���Ϭ��'�]/z�"�~uҷ��[�vm�����"���ɪ�H�oܮ�,��Z�����Ϭ��'��t���ty�����}����x�]Ѯy��km��]z��u�܉�%��i�^�Ml��ڞ��i���v�brv���ϳ�������*'�^kz�%��a��l��ނ+-�,��zd��&���ϳ������ϳ���כ`��]խ:k��k]��}���㧛姺w��q���שzw^�Ȟ�������g.����\��xZ��^wN5��슉��Z޲�oy�m��?�����k�&��� r��r��z{e�맅�ݕ���.����\��xZ��^w�8��3��}�y���W���Z�]���{��{i��線u�^�קr'�j�����ߢ�ױ�M]j�]j�u�m/z�"�}u�Z޲�oy�m��?�����k�&��� r��u�!u�!���j�]j�~�^5���wkG�q��}�yu���n���y�]7�����z��u�܉��ǫ��e��t�כ���כ������*'�]+z�%��a��l��ނ+-�,��zd��&�כ���כ���K`ϖ��:�n��׏y��ׯ5���_뽺�שzw^�Ȟ�k6�G^n�6�w^n�6�G^n�6��^n�6��ޮȨ�n���(�����i���z����j��(��^n�?��^n�>ۯm�>]�o9ח_�~}�{���w��ﶹ߭���^���zw"zɬ�MyƦzX�{]v��슉��J޲�oy�m��?�����k�&��� r��u���b����לjg��7��m-�7��~םx�n�om7�g�m���t��Z��v�G^z���קwN���슉��J޲�oy�m��?�����k�&��� r��u���mzw��^z���קw�:��3s����y�N׶�sw�q��ם��]��~��F�u��+4�{ޮȨ�Mw��(�����i���z����j��(��^z�����u��+>�]�6���z}�]m�wy��n�V��G�y�7�߇^~)�������5�kޮȨ�]v��(�����i���z����j��(��^~)�������?��^~)�������>�]��?7k������|����~��w<��q��w�\��^���zw"z��朇m9���rߤ{+5��^�m6��슉��j޲�oy�m��?�����k�&��� r��u���^�����3s]���]Ӯ��<�ζq���G}ӷ�wV�u�^�קr'��Zo.t�+>��a���M"��Z����0w]4���rߚ�Ƞ��5�'��M)�y"{�k�h�{m4�)�i���ץk'���ky���KޮȨ�]4��(�����i���z����j��(��^���w�-�����zV�y߬�����t��3u��{_}iƝ}���i��oo^�n�ons�}v'�ߝ/z�"�}�ҷ��[�vm�����"���ɪ�H�o݉����b}���K`��4sG]����s�|ߗ6�f��m{}{{�������{^t��슉��J޲�oy�m��?�����k�&��� r��v�-�)���ݡ�k�w�ם-�=����}�^���y��{����y��6s��}�^���zw"zǬ�إ�m6�ƫ����Ghr��������*'�]+z�%��a��l��ނ+-�,��zd��&�����{��v�-�)��mt��q�5}�t׭�o����{�uk���~������]z��u�܉���b�ʹ��>��+{My��슉�ת޲�oy�m��?�����k�&��� r��vϬ�����ݳ�-����^��7u�n�:y��w���s�\��9����k�^���zw"z��+-���j�+�M�i�,��bj�6���ם4�G�s��n}5����*'�]kz�%��a��l��ނ+-�,��zd��&���;���y�>����Mu��}��kם���w7�_w��9�w���x߾��N]z��u�܉�#����G�y�k���	塧x�KޮȨ��t��(�����i���z����j��(���y�k���	塧���y�k���	塧~�]-�6��}���;}���uu�;���������^���zw"z�^n�6�G���Z�5�G���m����h��h��]��� zݴҖ��籊�l�M+s]v��z�w�˦r�����W���Z�5�KޮȨ�]4��(�����i���z����j��(�����Z�?�����Z�>�M-�>5��wݾ6m�9sߖ�i�7��<��o~�{G����{v����*'�}�z�%��a��l��ނ+-�,��zd��&��뢿����z����]����8Ӯ<�N�u�\}���g����kƵ��շ�z��u�܉�"�櫭���6��>i�-��-׭oz�"�}u�J޲�oy�m��?�����k�&��� r��zϚn�ki������춶���u�K`��[m�v�μ���Mx�W��������k�z�שzw^�Ȟ��>����)��+��]_�w-���n)��]aj�t�+>q�ei�^�]��ށ�uӇ���>����د{]u��슉��Z޲�oy�m��?�����k�&��� r��zϭ��k�h���������>����د{�u��3���n<k�=��7Ά�g����������u�u�^�קr'��ϜjYZnW��X��֭{���-�Mb��2��%�M^�Ʃ{�-�)����{uӗ�q�^��k�x>��Ɲt��j������z��]9��슉�Ӛ޲�oy�m��?�����k�&��� r��z��זּ����ށ�i��ޱƩ{�-�)����{~�Nm�=[�W4筵�F�u��i��og�m4q�wѿ:w���)���'~(>j*۝��jǵ�M/z�"�}w�J޲�oy�m��?�����k�&��� r��z�b�ߜ�w�梭�����{��z�b�ߜ�w�梭�����{�w�K`�g��n�s�=�]�{�]�9onk]���Z�^9�שzw^�Ȟ��%�{~��-�'-yߠ��ږ�5ֆ�y�Z�Ƞ��t���rק����]8z�b�ߢ��+��޲�oz���״�[ޮȨ�M���(�����i���z����j��(����)��)���~��(����z{��z�b�ߢ��+��޲�oz���׾�}��>|^_o��o�t羜k�4�]�連on;����^���zw"z�^n�6��޲�o{^tz�b�ߦ�ۥ{뭊[6�KޮȨ�m���(�����i���z����j��(����)��j�W��إ���z�b�ߦ�ۥ{뭊[>�m-�6��M���|�Z�Ɲ�O=������|�]{�^���zw"z�^n�6��d��b�]4z�b�ߩ��"�覦���]���슉��}+z�%��a��l��ނ+-�,��zd��&��%�{~�[�����+���z�b�ߩ��"�覦���mw��3u��n5׾^�]��^���=�Ƽ�N�q��ׇ�u�^�קr'�r��j)�����Mtu��n�v�-�)�ם�X��覦������[ޯ��u�7��%�{~��n�﮶)l�m!j�t�Zj�x׾&�x�j�!�M�y�~�H>���ҷ��[�׭�X���޲��rם�	hm�l�]oz�"�}5ַ��[�vm�����"���ɪ�H�o޲X���޲��rם�	hm�l��޲X���޲��rם�	hm�l�Mu��������6{w��g�ݾծ�N[k����޲X�������[ޮȨ�~���(�����i���z����j��(����)���(�����%�{~��){����3�޷sw�}ִ��:{MZ㝚w�i���\o��u�^�קr'�z��r��{�tz�kj����5��%�{~�+"������M/z�"�}tҷ��[�vm�����"���ɪ�H�o޲X����+h�������%�{~�+"������]4��}|���{ou�^�צ�o�=w�yo�7ᮚ�W^�X���}����*'�_u��(�����i���z����j��(����)���޲X���5�[`�}��޹��]�N4��xm�����隆��|���שzw^�Ȟ����}i����{��jg��m��d�]�w��-��׭��,��Z�~u�כ�������{mtz�b�߬r�^߽^�X����+h����t��)��燬���]4z˭�[6�g����Ɯ������rب��~��~nV���ky�t�	ho�v�Zj[5�Mb�z+{}��k����j�t׈���z���+>��(�����t�;>ɩ���c����֛�זּ���'�������;(�'��Mez���Ihu�!�^��)♫\�}6�Gb��9�v������&���׍(�ب��h�O6��a�+>�{"u�tڙn��b���Қ肷��m4��ƚu�Zު�{�q�!y�t�Ǧ����K-�*~j{"�M,����;(��(�g��ʹ�֛��4�ױ��ZnW��G����ߞ/z�"�}�ⷬ�[�vm�����"���ɪ�H�o޲��{��z�ky��`ͽ���<k��w�8o�yk��m�_�כ��Z�שzw^�Ȟ��(�~yѧ(������)�)��M/z�"�~4ҷ��[�vm�����"���ɪ�H�o޲�♯���)�)���4����^u��]t{F����q��k���_��N����-t����*'�Mkz�%��a��l��ނ+-�,��zd��&��*�����޲���/��[`ύ:s�z����}ծ_���oW\ۖ��������שzw^�Ȟ��-��ޮǸ�G���.�Ǹ�KޮȨ�����(�����i���z����j��(�����.�ǿ�����.�Ǿ�mm�=4�����[sf�m�;{�;����v}����6q�^���zw"zǬ���z��]��ڽ��{�4z�kj����5��-��ޮǸ�[ޮȨ�����(�����i���z����j��(������z���޲�ڽ��{�6��3�מ����W�w���_{���O}}�Z}�u�wz˭�[6�kޮȨ�m6��(�����i���z����j��(����إ���z˭�[>�M��=m��ƚ������qΝy�i��ᶜ���yƴ�KޮȨ�N4��(�����i���z����j��(���yƿ���yƾӍ-�>o�:���kOy}�����}�]���o��{��sw^���zw"z�+��>������w6�X���ky���I����Z�t҆�y�~j�"�~4֖����]4����]4{^�������*'�Mkz�%��a��l��ނ+-�,��zd��&��mzw�������}5���^k��է_q�Z�W������i�9{����׫��~yح�������*'�m+z�%��a��l��ނ+-�,��zd��&��mz�ڗ睊�+����׫��~yح����K`�N9�]\}��}���:���N;s^x{mxi���שzw^�Ȟ��Z�׭Ӎ"r���X�{N5�٩�M�{l�����w����*'�}+z�%��a��l��ނ+-�,��zd��&��m����������k�{_�]�����|��N5k��ׇ�s����{���sw�{N^��)�)�]���슉��J޲�oy�m��?�����k�&��� r��{l��������m�����׍-�7���_�������gk�Zݯus�_��y�^���ڲߝy�~z���]4��슉��J޲�oy�m��?�����k�&��� r��}�-�מ�窹���ڲߝy�~z����u��3sNw��׷<�uu���w<��9�����6߭x}�-�;(��-i�^��k�x"-�����*'�M+z�%��a��l��ނ+-�,��zd��&����������{�-�)������ڲߣ����֛�זּ���'��m4���^6sGy��_=��ݮ��]t����m��j�~��ޞ�mz)�ӋޮȨ�m:��(�����i���z����j��(��ڲߥz���^�������^���ע�����3���κ���צ��Ƽ���_���k����{~(.��6�KޮȨ�m4��(�����i���z����j��(����޳��~(.��>�M-�=�oV�wf���}�7խ�������۷=�g^���zw"zǬq�^��k�x>��Ɲt���{秶��q�!{m4��슉��J޲�oy�m��?�����k�&��� r��~)^����/�i�^��ߊW�z{k��r��M-�77�o}�����;�w|���s��|kN<�7�W^���zw"z��jߜi�^�mhn7��欲('�M_�w~��t����*'�]�z�%��a��l��ނ+-�,��zd��&���w���ߊw~����k`Ϧ�{�6ٽZ�Ǵk�o��]qƝ�wۇt}שzw^�Ȟ����籊�l�M)�y"{�k�h�{m4~)���v�KޮȨ�mt��(�����i���z����j��(���߮���~)���~�]-�>9wV�{�:s�{u�x�n�孛�vѭ���{k�^���zw"z�hq�^����m4~V��Ɯ��v����*'�}+z�%��a��l��ނ+-�,��zd��&��Z��r����jߜi�^�]����M�o}���y��ݾ������=�������]z��u�܉���.�����'�}]z]��
�q�����]��+^�m_�,t�KޮȨ�Mt��(�����i���z����j��(���������5��3s��]�u�8��]��\}�x�����u�|��u�^�קr'��k��M���r�����*'�Nkz�%��a��l��ނ+-�,��zd��&��+y�!��ߢ��r�ӛ`�F�{M9�_y����ݧ�i���t�~�sV���+z������:����*'ӭkz�%��a��l��ނ+-�,��zd��&��+z���������+z�����ߴ�[`����W�s�Zu����zs��i�^w����Zqƽ��+��Z�������*'�}�z�%��a��l��ނ+-�,��zd��&��+��Z�����+��Z����k`Ϗ{ӏ|m��ʹsM9w��sm�y�v�ޛ��=�שzw^�Ȟ��2��"�N4r���w���ky��ө���ʗ��]v~Ϟ����M/z�"�}�ڷ��[�vm�����"���ɪ�H�o߳籶�������m����k`�N:s�5�w֚w����������g{�׷�שzw^�Ȟ�
�q�����]���ߊW��G���m�������*'�Mkz�%��a��l��ނ+-�,��zd��&��>{kk��~Ϟ�����5��i�5�������]5ߗ]s�����u�5���߆�z��u�܉� ��~�~~�5�;(���{�4�x�z��'��]��^��t����*'�]�z�%��a��l��ނ+-�,��zd��&��>����߳�^����k`��9��7��}�u���q�=y�}پ�wG��nw}שzw^�Ȟ���v����a�]��Z����^/z�"�}5׺޲�oy�m��?�����k�&��� r��~ϱj�k��߳�Z����]{��{�7�������N��׎�{�x�|��oG�z��u�܉���ޯ��m5�v��}��������]4��슉��J޲�oy�m��?�����k�&��� r��~��jZZ����+y�ij�~�M-�=yӆ�۝�ןi�4u�ۿ;q�5�]}�������b���wu�G��b���wu�[ޮȨ�]u��(�����i���z����j��(����b���w����b���w~�]m�6���}ww���[i�;������^u�v�=����b�v������ZrO����[ޮȨ�]5��(�����i���z����j��(����b�v������ZrO�������b�v������ZrO����Mm�=[Ѧ�m�yݽ��޷��v����onvӿ7۸��ڵw-����KޮȨ�m4��(�����i���z����j��(����ڵw-�������ڵw-����M-�>������=���w�����߾���;���u�����ڵ�n7���k����-u����*'�m+z�%��a��l��ނ+-�,��zd��&��z��{���-����������ޭ�^���y�~��)z�r�]���sG�s�7���N�7�_�~�k���y��z��u�܉�"��k����-t����]�~4����*'�Mkz�%��a��l��ނ+-�,��zd��&����]������]���[`Ϳz�Λѭ8��7ۏt��V�u���Z�z���,�]oz�"�}5�[�vm�����"���ɪ�H�o�z�Z�������,�M{��y��{w��y�֞���o]�ۭ8{���mx���z��u�܉��ǫ��e��t�	ho�v�Z�M����Ә%�������*'�]�z�%��a��l��ނ+-�,��zd��&�	ho���Z��v����=u�Z�o;�gz�ε�8k�yۍ8s��w^]z��u�܉��������]4�w�m�N"����6�)♫\�}8�w�})j�~�Ϛn�%�׵�H%����]t����*'�^���(�����i���z����j��(��%�������Zj[>�^������i�7Ӟ[է�}׆��͹��s]������˝4��슉��J޲�oy�m��?�����k�&��� r���Zo/��	hm���M-�7�w�:�����}���}μy�6m�x߽��^���zw"zƫ����x��]5j��-t�	ho�7���rߚ�Ƞ��5�'��M)�y"{�k�h�{m4���y����8�h+iǟ�_���z��슉��]kz�%��a��l��ނ+-�,��zd��&�
�q������୧~�~~ϸ�]m�=�_{�uu���뇴��sM٭6��z��+�	u�Noz�"�}uӚ޲�oy�m��?�����k�&��� r����0�����0��uӛ`���ߗ\�o7�k������_5ӟw�7�׹z���!zf��KޮȨ�m4��(�����i���z����j��(��Z�������j��r�k����3k��m�y�sN;�f�w�7睵n;ߖ�y�v�����bu�h��7��슉��z޲�oy�m��?�����k�&��� r�������bu�h��������bu�h��t��3m�4�ͺ�_x^}租ח�}���o}������u�^�קr'�j;��HZ�����M!jϚ�ȶ�KޮȨ�m4��(�����i���z����j��(��Z�槲/����������3߇�ӏ\{W�u��Ӯ=i��n㗝ߞ5��uu�^�קr'�j{"���{�����Z�}4��슉��J޲�oy�m��?�����k�&��� r����>~V����jϟ��>�M-�6�w�xu͵�֞�nz������;v���}�Z��2��%�]4��슉��J޲�oy�m��?�����k�&��� r����>�)��[?��Z��2��%��t��3m�Z��Zf�}�����9�~��N5�m:ݾ8��5�[ޮȨ�]7��(�����i���z����j��(��Z�����>�M�>����m�5���n5^�w�x{Mu{W���;��^���zw"z���b���wu�X^�]oz�"�}uַ��[�vm�����"���ɪ�H�o�{�����[`����G��V�����^u�:�͟۽_ߍ�{m�v,��~�+~�w��^/z�"�}�ַ��[�vm�����"���ɪ�H�o��^w�"��~���,��~�+~�w��n���������mޞ�nx��w���u��yζ�W�ӎ��~�('j۫{]���슉��J޲�oy�m��?�����k�&��� r����i�Ƞ��n����m��"�v�����m-�?Zy�}۝u��w}徹k�m���|}��{W^���zw"zƬ�����n�]4��k�mv��!�M{�'(����״�^�z�"�}8�z޲�oy�m��?�����k�&��� r����'��b����'(����׾Ӎ�����;���m�t��\}��k�ywG���k��z��u�܉�,i�����}�